{
  "name": "ha_25_09",
  "version": "1.0.0",
  "lockfileVersion": 3,
  "requires": true,
  "packages": {
    "": {
      "name": "ha_25_09",
      "version": "1.0.0",
      "license": "ISC",
      "dependencies": {
        "handler": "^0.1.3"
      }
    },
    "node_modules/handler": {
      "version": "0.1.3",
      "resolved": "https://registry.npmjs.org/handler/-/handler-0.1.3.tgz",
      "integrity": "sha512-M4R5CQ7JoLh7wQRDSXUFKzS6R1fnrC0mj4cJex8JPMKG9N6/LblNcWzSOFzz0DLGRrk2yoqZqRCTA02I4K69HA==",
      "engines": {
        "node": ">=0.4.2"
      }
    }
  }
}
